
Microsoft Visual Studio Solution File, Format Version 12.00
# Visual Studio Version 17
VisualStudioVersion = 17.8.34525.116
MinimumVisualStudioVersion = 10.0.40219.1
Project("{FAE04EC0-301F-11D3-BF4B-00C04F79EFBC}") = "VideoSharingPlatform", "VideoSharingPlatform\VideoSharingPlatform.csproj", "{64672A7A-FBBF-4F94-A7AF-D4CD444E522B}"
EndProject
Project("{FAE04EC0-301F-11D3-BF4B-00C04F79EFBC}") = "VideoSharingConsole", "VideoSharingConsole\VideoSharingConsole.csproj", "{BB964556-9E40-45F8-B785-D0CD3C410D14}"
EndProject
Project("{FAE04EC0-301F-11D3-BF4B-00C04F79EFBC}") = "VideoSharingSite", "VideoSharingSite\VideoSharingSite.csproj", "{DE4F58DF-9A9F-47C0-B1CD-2CBB3173467E}"
EndProject
Global
	GlobalSection(SolutionConfigurationPlatforms) = preSolution
		Debug|Any CPU = Debug|Any CPU
		Release|Any CPU = Release|Any CPU
	EndGlobalSection
	GlobalSection(ProjectConfigurationPlatforms) = postSolution
		{64672A7A-FBBF-4F94-A7AF-D4CD444E522B}.Debug|Any CPU.ActiveCfg = Debug|Any CPU
		{64672A7A-FBBF-4F94-A7AF-D4CD444E522B}.Debug|Any CPU.Build.0 = Debug|Any CPU
		{64672A7A-FBBF-4F94-A7AF-D4CD444E522B}.Release|Any CPU.ActiveCfg = Release|Any CPU
		{64672A7A-FBBF-4F94-A7AF-D4CD444E522B}.Release|Any CPU.Build.0 = Release|Any CPU
		{BB964556-9E40-45F8-B785-D0CD3C410D14}.Debug|Any CPU.ActiveCfg = Debug|Any CPU
		{BB964556-9E40-45F8-B785-D0CD3C410D14}.Debug|Any CPU.Build.0 = Debug|Any CPU
		{BB964556-9E40-45F8-B785-D0CD3C410D14}.Release|Any CPU.ActiveCfg = Release|Any CPU
		{BB964556-9E40-45F8-B785-D0CD3C410D14}.Release|Any CPU.Build.0 = Release|Any CPU
		{DE4F58DF-9A9F-47C0-B1CD-2CBB3173467E}.Debug|Any CPU.ActiveCfg = Debug|Any CPU
		{DE4F58DF-9A9F-47C0-B1CD-2CBB3173467E}.Debug|Any CPU.Build.0 = Debug|Any CPU
		{DE4F58DF-9A9F-47C0-B1CD-2CBB3173467E}.Release|Any CPU.ActiveCfg = Release|Any CPU
		{DE4F58DF-9A9F-47C0-B1CD-2CBB3173467E}.Release|Any CPU.Build.0 = Release|Any CPU
	EndGlobalSection
	GlobalSection(SolutionProperties) = preSolution
		HideSolutionNode = FALSE
	EndGlobalSection
	GlobalSection(ExtensibilityGlobals) = postSolution
		SolutionGuid = {97A5DB28-AEE1-402A-832D-CA246764B26F}
	EndGlobalSection
EndGlobal
